Microsoft Visual Studio Solution File, Format Version 12.00
# Visual Studio 15
Project("{8BC9CEB8-8B4A-11D0-8D11-00A0C91BC942}") = "ALL_BUILD", "ALL_BUILD.vcxproj", "{3E171783-804E-3825-AB97-5E31F2C7B08A}"
	ProjectSection(ProjectDependencies) = postProject
		{307939EA-0DBD-34E5-A971-FB5742814C7B} = {307939EA-0DBD-34E5-A971-FB5742814C7B}
		{F3B5BAC3-4DA3-329E-9A23-A4EEC3ACE9A4} = {F3B5BAC3-4DA3-329E-9A23-A4EEC3ACE9A4}
	EndProjectSection
EndProject
Project("{8BC9CEB8-8B4A-11D0-8D11-00A0C91BC942}") = "ZERO_CHECK", "ZERO_CHECK.vcxproj", "{307939EA-0DBD-34E5-A971-FB5742814C7B}"
	ProjectSection(ProjectDependencies) = postProject
	EndProjectSection
EndProject
Project("{8BC9CEB8-8B4A-11D0-8D11-00A0C91BC942}") = "kmeans", "kmeans.vcxproj", "{F3B5BAC3-4DA3-329E-9A23-A4EEC3ACE9A4}"
	ProjectSection(ProjectDependencies) = postProject
		{307939EA-0DBD-34E5-A971-FB5742814C7B} = {307939EA-0DBD-34E5-A971-FB5742814C7B}
	EndProjectSection
EndProject
Global
	GlobalSection(SolutionConfigurationPlatforms) = preSolution
		Debug|Win32 = Debug|Win32
		Release|Win32 = Release|Win32
		MinSizeRel|Win32 = MinSizeRel|Win32
		RelWithDebInfo|Win32 = RelWithDebInfo|Win32
	EndGlobalSection
	GlobalSection(ProjectConfigurationPlatforms) = postSolution
		{3E171783-804E-3825-AB97-5E31F2C7B08A}.Debug|Win32.ActiveCfg = Debug|Win32
		{3E171783-804E-3825-AB97-5E31F2C7B08A}.Release|Win32.ActiveCfg = Release|Win32
		{3E171783-804E-3825-AB97-5E31F2C7B08A}.MinSizeRel|Win32.ActiveCfg = MinSizeRel|Win32
		{3E171783-804E-3825-AB97-5E31F2C7B08A}.RelWithDebInfo|Win32.ActiveCfg = RelWithDebInfo|Win32
		{307939EA-0DBD-34E5-A971-FB5742814C7B}.Debug|Win32.ActiveCfg = Debug|Win32
		{307939EA-0DBD-34E5-A971-FB5742814C7B}.Debug|Win32.Build.0 = Debug|Win32
		{307939EA-0DBD-34E5-A971-FB5742814C7B}.Release|Win32.ActiveCfg = Release|Win32
		{307939EA-0DBD-34E5-A971-FB5742814C7B}.Release|Win32.Build.0 = Release|Win32
		{307939EA-0DBD-34E5-A971-FB5742814C7B}.MinSizeRel|Win32.ActiveCfg = MinSizeRel|Win32
		{307939EA-0DBD-34E5-A971-FB5742814C7B}.MinSizeRel|Win32.Build.0 = MinSizeRel|Win32
		{307939EA-0DBD-34E5-A971-FB5742814C7B}.RelWithDebInfo|Win32.ActiveCfg = RelWithDebInfo|Win32
		{307939EA-0DBD-34E5-A971-FB5742814C7B}.RelWithDebInfo|Win32.Build.0 = RelWithDebInfo|Win32
		{F3B5BAC3-4DA3-329E-9A23-A4EEC3ACE9A4}.Debug|Win32.ActiveCfg = Debug|Win32
		{F3B5BAC3-4DA3-329E-9A23-A4EEC3ACE9A4}.Debug|Win32.Build.0 = Debug|Win32
		{F3B5BAC3-4DA3-329E-9A23-A4EEC3ACE9A4}.Release|Win32.ActiveCfg = Release|Win32
		{F3B5BAC3-4DA3-329E-9A23-A4EEC3ACE9A4}.Release|Win32.Build.0 = Release|Win32
		{F3B5BAC3-4DA3-329E-9A23-A4EEC3ACE9A4}.MinSizeRel|Win32.ActiveCfg = MinSizeRel|Win32
		{F3B5BAC3-4DA3-329E-9A23-A4EEC3ACE9A4}.MinSizeRel|Win32.Build.0 = MinSizeRel|Win32
		{F3B5BAC3-4DA3-329E-9A23-A4EEC3ACE9A4}.RelWithDebInfo|Win32.ActiveCfg = RelWithDebInfo|Win32
		{F3B5BAC3-4DA3-329E-9A23-A4EEC3ACE9A4}.RelWithDebInfo|Win32.Build.0 = RelWithDebInfo|Win32
	EndGlobalSection
	GlobalSection(ExtensibilityGlobals) = postSolution
		SolutionGuid = {98DD2C6E-8CD6-3184-B044-59BFCDD87FC8}
	EndGlobalSection
	GlobalSection(ExtensibilityAddIns) = postSolution
	EndGlobalSection
EndGlobal
