<?xml version="1.0" encoding="utf-8"?>
<Project ToolsVersion="15.0" xmlns="http://schemas.microsoft.com/developer/msbuild/2003">
  <ItemGroup>
    <CustomBuild Include="C:\Users\Robin\Desktop\seqKmeans\CMakeFiles\28dc15983be5a0256899a64fc92fadcf\generate.stamp.rule">
      <Filter>CMake Rules</Filter>
    </CustomBuild>
  </ItemGroup>
  <ItemGroup>
    <Filter Include="CMake Rules">
      <UniqueIdentifier>{47D79E08-EF8F-30C1-AD49-566BEF5C051B}</UniqueIdentifier>
    </Filter>
  </ItemGroup>
</Project>
